
Microsoft Visual Studio Solution File, Format Version 12.00
# Visual Studio 15
VisualStudioVersion = 15.0.28307.572
MinimumVisualStudioVersion = 10.0.40219.1
Project("{9A19103F-16F7-4668-BE54-9A1E7A4F7556}") = "ConsoleApp14", "ConsoleApp14.csproj", "{E407A2DE-7703-44C1-B538-21D959BB9D59}"
EndProject
Project("{FAE04EC0-301F-11D3-BF4B-00C04F79EFBC}") = "ConsoleApp15", "..\ConsoleApp15\ConsoleApp15.csproj", "{2ACBA50E-13B2-409E-962C-4DD61B12F6CC}"
EndProject
Global
	GlobalSection(SolutionConfigurationPlatforms) = preSolution
		Debug|Any CPU = Debug|Any CPU
		Release|Any CPU = Release|Any CPU
	EndGlobalSection
	GlobalSection(ProjectConfigurationPlatforms) = postSolution
		{E407A2DE-7703-44C1-B538-21D959BB9D59}.Debug|Any CPU.ActiveCfg = Debug|Any CPU
		{E407A2DE-7703-44C1-B538-21D959BB9D59}.Debug|Any CPU.Build.0 = Debug|Any CPU
		{E407A2DE-7703-44C1-B538-21D959BB9D59}.Release|Any CPU.ActiveCfg = Release|Any CPU
		{E407A2DE-7703-44C1-B538-21D959BB9D59}.Release|Any CPU.Build.0 = Release|Any CPU
		{2ACBA50E-13B2-409E-962C-4DD61B12F6CC}.Debug|Any CPU.ActiveCfg = Debug|Any CPU
		{2ACBA50E-13B2-409E-962C-4DD61B12F6CC}.Debug|Any CPU.Build.0 = Debug|Any CPU
		{2ACBA50E-13B2-409E-962C-4DD61B12F6CC}.Release|Any CPU.ActiveCfg = Release|Any CPU
		{2ACBA50E-13B2-409E-962C-4DD61B12F6CC}.Release|Any CPU.Build.0 = Release|Any CPU
	EndGlobalSection
	GlobalSection(SolutionProperties) = preSolution
		HideSolutionNode = FALSE
	EndGlobalSection
	GlobalSection(ExtensibilityGlobals) = postSolution
		SolutionGuid = {14D2CB52-B5FF-4991-B95A-494D72D39055}
	EndGlobalSection
EndGlobal
